
Microsoft Visual Studio Solution File, Format Version 12.00
# Visual Studio 15
VisualStudioVersion = 15.0.27703.2042
MinimumVisualStudioVersion = 10.0.40219.1
Project("{FAE04EC0-301F-11D3-BF4B-00C04F79EFBC}") = "week 6 prep", "week 6 prep\week 6 prep.csproj", "{C0A1B968-4BD8-453C-B4FC-CBF47C13DD8E}"
EndProject
Global
	GlobalSection(SolutionConfigurationPlatforms) = preSolution
		Debug|Any CPU = Debug|Any CPU
		Release|Any CPU = Release|Any CPU
	EndGlobalSection
	GlobalSection(ProjectConfigurationPlatforms) = postSolution
		{C0A1B968-4BD8-453C-B4FC-CBF47C13DD8E}.Debug|Any CPU.ActiveCfg = Debug|Any CPU
		{C0A1B968-4BD8-453C-B4FC-CBF47C13DD8E}.Debug|Any CPU.Build.0 = Debug|Any CPU
		{C0A1B968-4BD8-453C-B4FC-CBF47C13DD8E}.Release|Any CPU.ActiveCfg = Release|Any CPU
		{C0A1B968-4BD8-453C-B4FC-CBF47C13DD8E}.Release|Any CPU.Build.0 = Release|Any CPU
	EndGlobalSection
	GlobalSection(SolutionProperties) = preSolution
		HideSolutionNode = FALSE
	EndGlobalSection
	GlobalSection(ExtensibilityGlobals) = postSolution
		SolutionGuid = {892BF0B4-1783-4DA8-8F32-2B31B277C21C}
	EndGlobalSection
EndGlobal
